# Pinned production dependencies — generated 2 March 2026
# Use this file for Docker builds. Update by running:
#   pip install -r requirements.txt && pip freeze > requirements.lock
# Then manually trim to only direct + transitive deps.

# Exchange & market data
ccxt==4.5.39
oandapyV20>=0.7.2
yfinance>=0.2.36

# Technical analysis
TA-Lib==0.6.8

# Claude API
anthropic==0.83.0

# Database (async)
asyncpg==0.31.0

# HTTP server (health checks + dashboard)
aiohttp==3.13.3
aiohttp-jinja2>=1.6
Jinja2==3.1.6

# Password hashing
bcrypt>=4.2.0

# Scheduling
APScheduler==3.11.2

# Configuration
pydantic==2.12.5
pydantic-settings==2.13.1

# Logging
loguru==0.7.3

# Retry logic
tenacity==9.1.4

# WebSockets
websockets==16.0

# Data processing
numpy==2.4.2
pandas==3.0.1
matplotlib==3.10.8
